
Microsoft Visual Studio Solution File, Format Version 12.00
# Visual Studio Version 17
VisualStudioVersion = 17.11.35327.3
MinimumVisualStudioVersion = 10.0.40219.1
Project("{FAE04EC0-301F-11D3-BF4B-00C04F79EFBC}") = "Hiro", "Hiro\Hiro.csproj", "{58F718E2-45EC-4836-94CF-026E46E6AAF0}"
EndProject
Global
	GlobalSection(SolutionConfigurationPlatforms) = preSolution
		Debug|Any CPU = Debug|Any CPU
		Release|Any CPU = Release|Any CPU
	EndGlobalSection
	GlobalSection(ProjectConfigurationPlatforms) = postSolution
		{58F718E2-45EC-4836-94CF-026E46E6AAF0}.Debug|Any CPU.ActiveCfg = Debug|Any CPU
		{58F718E2-45EC-4836-94CF-026E46E6AAF0}.Debug|Any CPU.Build.0 = Debug|Any CPU
		{58F718E2-45EC-4836-94CF-026E46E6AAF0}.Release|Any CPU.ActiveCfg = Release|Any CPU
		{58F718E2-45EC-4836-94CF-026E46E6AAF0}.Release|Any CPU.Build.0 = Release|Any CPU
	EndGlobalSection
	GlobalSection(SolutionProperties) = preSolution
		HideSolutionNode = FALSE
	EndGlobalSection
	GlobalSection(ExtensibilityGlobals) = postSolution
		SolutionGuid = {726D9065-D68C-463E-9BC9-98F461223CD5}
	EndGlobalSection
EndGlobal
